
Microsoft Visual Studio Solution File, Format Version 12.00
# Visual Studio Version 17
VisualStudioVersion = 17.5.002.0
MinimumVisualStudioVersion = 10.0.40219.1
Project("{2150E333-8FDC-42A3-9474-1A3956D46DE8}") = "csharp-prep", "csharp-prep", "{C6EF1B65-39FD-483F-8120-C4DD06F4D345}"
EndProject
Project("{9A19103F-16F7-4668-BE54-9A1E7A4F7556}") = "Prep1", "csharp-prep\Prep1\Prep1.csproj", "{60F4D357-B571-4862-8D56-284EA7EC7233}"
EndProject
Project("{9A19103F-16F7-4668-BE54-9A1E7A4F7556}") = "Prep2", "csharp-prep\Prep2\Prep2.csproj", "{C334D1AC-E273-42BF-85B1-90DE5E020D08}"
EndProject
Project("{9A19103F-16F7-4668-BE54-9A1E7A4F7556}") = "Prep3", "csharp-prep\Prep3\Prep3.csproj", "{35EB7F7E-64DC-4FBC-8485-3F3D7C5D8F10}"
EndProject
Project("{9A19103F-16F7-4668-BE54-9A1E7A4F7556}") = "Prep4", "csharp-prep\Prep4\Prep4.csproj", "{16AD19C6-4800-44ED-A22B-F4E806E778F3}"
EndProject
Project("{9A19103F-16F7-4668-BE54-9A1E7A4F7556}") = "Prep5", "csharp-prep\Prep5\Prep5.csproj", "{EBF961E4-85BB-436E-940B-48BF75292D9F}"
EndProject
Project("{2150E333-8FDC-42A3-9474-1A3956D46DE8}") = "final", "final", "{457FC3A6-67C7-4BE4-AA04-EA03A3C6E7D3}"
EndProject
Project("{9A19103F-16F7-4668-BE54-9A1E7A4F7556}") = "FinalProject", "final\FinalProject\FinalProject.csproj", "{33F5CC3E-B849-4625-968F-16EDEBC10422}"
EndProject
Project("{9A19103F-16F7-4668-BE54-9A1E7A4F7556}") = "Foundation1", "final\Foundation1\Foundation1.csproj", "{7B7D4E4B-3CD5-433B-A910-D116B5623B67}"
EndProject
Project("{9A19103F-16F7-4668-BE54-9A1E7A4F7556}") = "Foundation2", "final\Foundation2\Foundation2.csproj", "{CB22580E-AF5D-48E6-B5E1-A5DCE0D4F767}"
EndProject
Project("{9A19103F-16F7-4668-BE54-9A1E7A4F7556}") = "Foundation3", "final\Foundation3\Foundation3.csproj", "{85495FA9-3238-4B98-8DB8-A6105B4C86CB}"
EndProject
Project("{9A19103F-16F7-4668-BE54-9A1E7A4F7556}") = "Foundation4", "final\Foundation4\Foundation4.csproj", "{EF58EA8B-3E48-4C93-ABFC-D35918DA971C}"
EndProject
Project("{2150E333-8FDC-42A3-9474-1A3956D46DE8}") = "prepare", "prepare", "{C28F31CA-3800-4AB7-8692-A3940DBB8ADD}"
EndProject
Project("{9A19103F-16F7-4668-BE54-9A1E7A4F7556}") = "Learning02", "prepare\Learning02\Learning02.csproj", "{2B839737-6530-4EF6-AFB5-D7AD698E37E9}"
EndProject
Project("{9A19103F-16F7-4668-BE54-9A1E7A4F7556}") = "Learning03", "prepare\Learning03\Learning03.csproj", "{40AEA117-116B-42DE-9A7D-6B064CCDE5F8}"
EndProject
Project("{9A19103F-16F7-4668-BE54-9A1E7A4F7556}") = "Learning04", "prepare\Learning04\Learning04.csproj", "{9AAF76CF-A4B7-4004-8469-BDA318AB080F}"
EndProject
Project("{9A19103F-16F7-4668-BE54-9A1E7A4F7556}") = "Learning05", "prepare\Learning05\Learning05.csproj", "{F905B536-ED88-4F32-82F6-E10BF5E7F232}"
EndProject
Project("{2150E333-8FDC-42A3-9474-1A3956D46DE8}") = "prove", "prove", "{919B88BF-FA53-4C99-962D-2B9224234626}"
EndProject
Project("{9A19103F-16F7-4668-BE54-9A1E7A4F7556}") = "Develop02", "prove\Develop02\Develop02.csproj", "{46B1B2DF-2918-4A19-A78C-FE13468265AD}"
EndProject
Project("{9A19103F-16F7-4668-BE54-9A1E7A4F7556}") = "Develop03", "prove\Develop03\Develop03.csproj", "{AAC2D92B-6D3E-49B6-B85F-8D0AF3E7089D}"
EndProject
Project("{9A19103F-16F7-4668-BE54-9A1E7A4F7556}") = "Develop04", "prove\Develop04\Develop04.csproj", "{C04B51F7-6717-4C46-9C20-3217FE530D07}"
EndProject
Project("{9A19103F-16F7-4668-BE54-9A1E7A4F7556}") = "Develop05", "prove\Develop05\Develop05.csproj", "{80406874-8E3B-447A-81C3-AA77C4D3CCD3}"
EndProject
Project("{2150E333-8FDC-42A3-9474-1A3956D46DE8}") = "sandbox", "sandbox", "{CAC37C3F-77A8-4CA4-826B-FB6951E0AAC2}"
EndProject
Project("{9A19103F-16F7-4668-BE54-9A1E7A4F7556}") = "Sandbox", "sandbox\Sandbox\Sandbox.csproj", "{E5DB778B-D090-4E57-8767-F87D6139B740}"
EndProject
Global
	GlobalSection(SolutionConfigurationPlatforms) = preSolution
		Debug|Any CPU = Debug|Any CPU
		Release|Any CPU = Release|Any CPU
	EndGlobalSection
	GlobalSection(ProjectConfigurationPlatforms) = postSolution
		{60F4D357-B571-4862-8D56-284EA7EC7233}.Debug|Any CPU.ActiveCfg = Debug|Any CPU
		{60F4D357-B571-4862-8D56-284EA7EC7233}.Debug|Any CPU.Build.0 = Debug|Any CPU
		{60F4D357-B571-4862-8D56-284EA7EC7233}.Release|Any CPU.ActiveCfg = Release|Any CPU
		{60F4D357-B571-4862-8D56-284EA7EC7233}.Release|Any CPU.Build.0 = Release|Any CPU
		{C334D1AC-E273-42BF-85B1-90DE5E020D08}.Debug|Any CPU.ActiveCfg = Debug|Any CPU
		{C334D1AC-E273-42BF-85B1-90DE5E020D08}.Debug|Any CPU.Build.0 = Debug|Any CPU
		{C334D1AC-E273-42BF-85B1-90DE5E020D08}.Release|Any CPU.ActiveCfg = Release|Any CPU
		{C334D1AC-E273-42BF-85B1-90DE5E020D08}.Release|Any CPU.Build.0 = Release|Any CPU
		{35EB7F7E-64DC-4FBC-8485-3F3D7C5D8F10}.Debug|Any CPU.ActiveCfg = Debug|Any CPU
		{35EB7F7E-64DC-4FBC-8485-3F3D7C5D8F10}.Debug|Any CPU.Build.0 = Debug|Any CPU
		{35EB7F7E-64DC-4FBC-8485-3F3D7C5D8F10}.Release|Any CPU.ActiveCfg = Release|Any CPU
		{35EB7F7E-64DC-4FBC-8485-3F3D7C5D8F10}.Release|Any CPU.Build.0 = Release|Any CPU
		{16AD19C6-4800-44ED-A22B-F4E806E778F3}.Debug|Any CPU.ActiveCfg = Debug|Any CPU
		{16AD19C6-4800-44ED-A22B-F4E806E778F3}.Debug|Any CPU.Build.0 = Debug|Any CPU
		{16AD19C6-4800-44ED-A22B-F4E806E778F3}.Release|Any CPU.ActiveCfg = Release|Any CPU
		{16AD19C6-4800-44ED-A22B-F4E806E778F3}.Release|Any CPU.Build.0 = Release|Any CPU
		{EBF961E4-85BB-436E-940B-48BF75292D9F}.Debug|Any CPU.ActiveCfg = Debug|Any CPU
		{EBF961E4-85BB-436E-940B-48BF75292D9F}.Debug|Any CPU.Build.0 = Debug|Any CPU
		{EBF961E4-85BB-436E-940B-48BF75292D9F}.Release|Any CPU.ActiveCfg = Release|Any CPU
		{EBF961E4-85BB-436E-940B-48BF75292D9F}.Release|Any CPU.Build.0 = Release|Any CPU
		{33F5CC3E-B849-4625-968F-16EDEBC10422}.Debug|Any CPU.ActiveCfg = Debug|Any CPU
		{33F5CC3E-B849-4625-968F-16EDEBC10422}.Debug|Any CPU.Build.0 = Debug|Any CPU
		{33F5CC3E-B849-4625-968F-16EDEBC10422}.Release|Any CPU.ActiveCfg = Release|Any CPU
		{33F5CC3E-B849-4625-968F-16EDEBC10422}.Release|Any CPU.Build.0 = Release|Any CPU
		{7B7D4E4B-3CD5-433B-A910-D116B5623B67}.Debug|Any CPU.ActiveCfg = Debug|Any CPU
		{7B7D4E4B-3CD5-433B-A910-D116B5623B67}.Debug|Any CPU.Build.0 = Debug|Any CPU
		{7B7D4E4B-3CD5-433B-A910-D116B5623B67}.Release|Any CPU.ActiveCfg = Release|Any CPU
		{7B7D4E4B-3CD5-433B-A910-D116B5623B67}.Release|Any CPU.Build.0 = Release|Any CPU
		{CB22580E-AF5D-48E6-B5E1-A5DCE0D4F767}.Debug|Any CPU.ActiveCfg = Debug|Any CPU
		{CB22580E-AF5D-48E6-B5E1-A5DCE0D4F767}.Debug|Any CPU.Build.0 = Debug|Any CPU
		{CB22580E-AF5D-48E6-B5E1-A5DCE0D4F767}.Release|Any CPU.ActiveCfg = Release|Any CPU
		{CB22580E-AF5D-48E6-B5E1-A5DCE0D4F767}.Release|Any CPU.Build.0 = Release|Any CPU
		{85495FA9-3238-4B98-8DB8-A6105B4C86CB}.Debug|Any CPU.ActiveCfg = Debug|Any CPU
		{85495FA9-3238-4B98-8DB8-A6105B4C86CB}.Debug|Any CPU.Build.0 = Debug|Any CPU
		{85495FA9-3238-4B98-8DB8-A6105B4C86CB}.Release|Any CPU.ActiveCfg = Release|Any CPU
		{85495FA9-3238-4B98-8DB8-A6105B4C86CB}.Release|Any CPU.Build.0 = Release|Any CPU
		{EF58EA8B-3E48-4C93-ABFC-D35918DA971C}.Debug|Any CPU.ActiveCfg = Debug|Any CPU
		{EF58EA8B-3E48-4C93-ABFC-D35918DA971C}.Debug|Any CPU.Build.0 = Debug|Any CPU
		{EF58EA8B-3E48-4C93-ABFC-D35918DA971C}.Release|Any CPU.ActiveCfg = Release|Any CPU
		{EF58EA8B-3E48-4C93-ABFC-D35918DA971C}.Release|Any CPU.Build.0 = Release|Any CPU
		{2B839737-6530-4EF6-AFB5-D7AD698E37E9}.Debug|Any CPU.ActiveCfg = Debug|Any CPU
		{2B839737-6530-4EF6-AFB5-D7AD698E37E9}.Debug|Any CPU.Build.0 = Debug|Any CPU
		{2B839737-6530-4EF6-AFB5-D7AD698E37E9}.Release|Any CPU.ActiveCfg = Release|Any CPU
		{2B839737-6530-4EF6-AFB5-D7AD698E37E9}.Release|Any CPU.Build.0 = Release|Any CPU
		{40AEA117-116B-42DE-9A7D-6B064CCDE5F8}.Debug|Any CPU.ActiveCfg = Debug|Any CPU
		{40AEA117-116B-42DE-9A7D-6B064CCDE5F8}.Debug|Any CPU.Build.0 = Debug|Any CPU
		{40AEA117-116B-42DE-9A7D-6B064CCDE5F8}.Release|Any CPU.ActiveCfg = Release|Any CPU
		{40AEA117-116B-42DE-9A7D-6B064CCDE5F8}.Release|Any CPU.Build.0 = Release|Any CPU
		{9AAF76CF-A4B7-4004-8469-BDA318AB080F}.Debug|Any CPU.ActiveCfg = Debug|Any CPU
		{9AAF76CF-A4B7-4004-8469-BDA318AB080F}.Debug|Any CPU.Build.0 = Debug|Any CPU
		{9AAF76CF-A4B7-4004-8469-BDA318AB080F}.Release|Any CPU.ActiveCfg = Release|Any CPU
		{9AAF76CF-A4B7-4004-8469-BDA318AB080F}.Release|Any CPU.Build.0 = Release|Any CPU
		{F905B536-ED88-4F32-82F6-E10BF5E7F232}.Debug|Any CPU.ActiveCfg = Debug|Any CPU
		{F905B536-ED88-4F32-82F6-E10BF5E7F232}.Debug|Any CPU.Build.0 = Debug|Any CPU
		{F905B536-ED88-4F32-82F6-E10BF5E7F232}.Release|Any CPU.ActiveCfg = Release|Any CPU
		{F905B536-ED88-4F32-82F6-E10BF5E7F232}.Release|Any CPU.Build.0 = Release|Any CPU
		{46B1B2DF-2918-4A19-A78C-FE13468265AD}.Debug|Any CPU.ActiveCfg = Debug|Any CPU
		{46B1B2DF-2918-4A19-A78C-FE13468265AD}.Debug|Any CPU.Build.0 = Debug|Any CPU
		{46B1B2DF-2918-4A19-A78C-FE13468265AD}.Release|Any CPU.ActiveCfg = Release|Any CPU
		{46B1B2DF-2918-4A19-A78C-FE13468265AD}.Release|Any CPU.Build.0 = Release|Any CPU
		{AAC2D92B-6D3E-49B6-B85F-8D0AF3E7089D}.Debug|Any CPU.ActiveCfg = Debug|Any CPU
		{AAC2D92B-6D3E-49B6-B85F-8D0AF3E7089D}.Debug|Any CPU.Build.0 = Debug|Any CPU
		{AAC2D92B-6D3E-49B6-B85F-8D0AF3E7089D}.Release|Any CPU.ActiveCfg = Release|Any CPU
		{AAC2D92B-6D3E-49B6-B85F-8D0AF3E7089D}.Release|Any CPU.Build.0 = Release|Any CPU
		{C04B51F7-6717-4C46-9C20-3217FE530D07}.Debug|Any CPU.ActiveCfg = Debug|Any CPU
		{C04B51F7-6717-4C46-9C20-3217FE530D07}.Debug|Any CPU.Build.0 = Debug|Any CPU
		{C04B51F7-6717-4C46-9C20-3217FE530D07}.Release|Any CPU.ActiveCfg = Release|Any CPU
		{C04B51F7-6717-4C46-9C20-3217FE530D07}.Release|Any CPU.Build.0 = Release|Any CPU
		{80406874-8E3B-447A-81C3-AA77C4D3CCD3}.Debug|Any CPU.ActiveCfg = Debug|Any CPU
		{80406874-8E3B-447A-81C3-AA77C4D3CCD3}.Debug|Any CPU.Build.0 = Debug|Any CPU
		{80406874-8E3B-447A-81C3-AA77C4D3CCD3}.Release|Any CPU.ActiveCfg = Release|Any CPU
		{80406874-8E3B-447A-81C3-AA77C4D3CCD3}.Release|Any CPU.Build.0 = Release|Any CPU
		{E5DB778B-D090-4E57-8767-F87D6139B740}.Debug|Any CPU.ActiveCfg = Debug|Any CPU
		{E5DB778B-D090-4E57-8767-F87D6139B740}.Debug|Any CPU.Build.0 = Debug|Any CPU
		{E5DB778B-D090-4E57-8767-F87D6139B740}.Release|Any CPU.ActiveCfg = Release|Any CPU
		{E5DB778B-D090-4E57-8767-F87D6139B740}.Release|Any CPU.Build.0 = Release|Any CPU
	EndGlobalSection
	GlobalSection(SolutionProperties) = preSolution
		HideSolutionNode = FALSE
	EndGlobalSection
	GlobalSection(NestedProjects) = preSolution
		{60F4D357-B571-4862-8D56-284EA7EC7233} = {C6EF1B65-39FD-483F-8120-C4DD06F4D345}
		{C334D1AC-E273-42BF-85B1-90DE5E020D08} = {C6EF1B65-39FD-483F-8120-C4DD06F4D345}
		{35EB7F7E-64DC-4FBC-8485-3F3D7C5D8F10} = {C6EF1B65-39FD-483F-8120-C4DD06F4D345}
		{16AD19C6-4800-44ED-A22B-F4E806E778F3} = {C6EF1B65-39FD-483F-8120-C4DD06F4D345}
		{EBF961E4-85BB-436E-940B-48BF75292D9F} = {C6EF1B65-39FD-483F-8120-C4DD06F4D345}
		{33F5CC3E-B849-4625-968F-16EDEBC10422} = {457FC3A6-67C7-4BE4-AA04-EA03A3C6E7D3}
		{7B7D4E4B-3CD5-433B-A910-D116B5623B67} = {457FC3A6-67C7-4BE4-AA04-EA03A3C6E7D3}
		{CB22580E-AF5D-48E6-B5E1-A5DCE0D4F767} = {457FC3A6-67C7-4BE4-AA04-EA03A3C6E7D3}
		{85495FA9-3238-4B98-8DB8-A6105B4C86CB} = {457FC3A6-67C7-4BE4-AA04-EA03A3C6E7D3}
		{EF58EA8B-3E48-4C93-ABFC-D35918DA971C} = {457FC3A6-67C7-4BE4-AA04-EA03A3C6E7D3}
		{2B839737-6530-4EF6-AFB5-D7AD698E37E9} = {C28F31CA-3800-4AB7-8692-A3940DBB8ADD}
		{40AEA117-116B-42DE-9A7D-6B064CCDE5F8} = {C28F31CA-3800-4AB7-8692-A3940DBB8ADD}
		{9AAF76CF-A4B7-4004-8469-BDA318AB080F} = {C28F31CA-3800-4AB7-8692-A3940DBB8ADD}
		{F905B536-ED88-4F32-82F6-E10BF5E7F232} = {C28F31CA-3800-4AB7-8692-A3940DBB8ADD}
		{46B1B2DF-2918-4A19-A78C-FE13468265AD} = {919B88BF-FA53-4C99-962D-2B9224234626}
		{AAC2D92B-6D3E-49B6-B85F-8D0AF3E7089D} = {919B88BF-FA53-4C99-962D-2B9224234626}
		{C04B51F7-6717-4C46-9C20-3217FE530D07} = {919B88BF-FA53-4C99-962D-2B9224234626}
		{80406874-8E3B-447A-81C3-AA77C4D3CCD3} = {919B88BF-FA53-4C99-962D-2B9224234626}
		{E5DB778B-D090-4E57-8767-F87D6139B740} = {CAC37C3F-77A8-4CA4-826B-FB6951E0AAC2}
	EndGlobalSection
	GlobalSection(ExtensibilityGlobals) = postSolution
		SolutionGuid = {43CAD84D-17F1-4F20-890A-E2EB11C67B17}
	EndGlobalSection
EndGlobal
